
Microsoft Visual Studio Solution File, Format Version 11.00
# Visual Studio 2010
Project("{FAE04EC0-301F-11D3-BF4B-00C04F79EFBC}") = "RealTime", "RealTime\RealTime.csproj", "{83C4DEB8-47F0-4E63-A0B1-4E3DD22FA800}"
EndProject
Project("{FAE04EC0-301F-11D3-BF4B-00C04F79EFBC}") = "RealTime.Messages", "Messages\RealTime.Messages.csproj", "{815EBCB4-ECD5-4628-BF5C-B99B5EC5BA1F}"
EndProject
Project("{FAE04EC0-301F-11D3-BF4B-00C04F79EFBC}") = "RealTime.TaskAllocationService", "TaskAllocationService\RealTime.TaskAllocationService.csproj", "{B88CB544-D71B-4723-8E33-92F6300B3D30}"
EndProject
Project("{FAE04EC0-301F-11D3-BF4B-00C04F79EFBC}") = "RealTime.Commands", "RealTime.Commands\RealTime.Commands.csproj", "{43D7BFE2-6376-415D-8D34-A7C88F0F63E0}"
EndProject
Global
	GlobalSection(SolutionConfigurationPlatforms) = preSolution
		Debug|Any CPU = Debug|Any CPU
		Release|Any CPU = Release|Any CPU
	EndGlobalSection
	GlobalSection(ProjectConfigurationPlatforms) = postSolution
		{83C4DEB8-47F0-4E63-A0B1-4E3DD22FA800}.Debug|Any CPU.ActiveCfg = Debug|Any CPU
		{83C4DEB8-47F0-4E63-A0B1-4E3DD22FA800}.Debug|Any CPU.Build.0 = Debug|Any CPU
		{83C4DEB8-47F0-4E63-A0B1-4E3DD22FA800}.Release|Any CPU.ActiveCfg = Release|Any CPU
		{83C4DEB8-47F0-4E63-A0B1-4E3DD22FA800}.Release|Any CPU.Build.0 = Release|Any CPU
		{815EBCB4-ECD5-4628-BF5C-B99B5EC5BA1F}.Debug|Any CPU.ActiveCfg = Debug|Any CPU
		{815EBCB4-ECD5-4628-BF5C-B99B5EC5BA1F}.Debug|Any CPU.Build.0 = Debug|Any CPU
		{815EBCB4-ECD5-4628-BF5C-B99B5EC5BA1F}.Release|Any CPU.ActiveCfg = Release|Any CPU
		{815EBCB4-ECD5-4628-BF5C-B99B5EC5BA1F}.Release|Any CPU.Build.0 = Release|Any CPU
		{B88CB544-D71B-4723-8E33-92F6300B3D30}.Debug|Any CPU.ActiveCfg = Debug|Any CPU
		{B88CB544-D71B-4723-8E33-92F6300B3D30}.Debug|Any CPU.Build.0 = Debug|Any CPU
		{B88CB544-D71B-4723-8E33-92F6300B3D30}.Release|Any CPU.ActiveCfg = Release|Any CPU
		{B88CB544-D71B-4723-8E33-92F6300B3D30}.Release|Any CPU.Build.0 = Release|Any CPU
		{43D7BFE2-6376-415D-8D34-A7C88F0F63E0}.Debug|Any CPU.ActiveCfg = Debug|Any CPU
		{43D7BFE2-6376-415D-8D34-A7C88F0F63E0}.Debug|Any CPU.Build.0 = Debug|Any CPU
		{43D7BFE2-6376-415D-8D34-A7C88F0F63E0}.Release|Any CPU.ActiveCfg = Release|Any CPU
		{43D7BFE2-6376-415D-8D34-A7C88F0F63E0}.Release|Any CPU.Build.0 = Release|Any CPU
	EndGlobalSection
	GlobalSection(SolutionProperties) = preSolution
		HideSolutionNode = FALSE
	EndGlobalSection
EndGlobal
